
Microsoft Visual Studio Solution File, Format Version 12.00
# Visual Studio Version 17
VisualStudioVersion = 17.10.35027.167
MinimumVisualStudioVersion = 10.0.40219.1
Project("{8BC9CEB8-8B4A-11D0-8D11-00A0C91BC942}") = "2024.9.12", "2024.9.12\2024.9.12.vcxproj", "{B604DE11-E7D4-474E-AD53-9289486319AB}"
EndProject
Global
	GlobalSection(SolutionConfigurationPlatforms) = preSolution
		Debug|x64 = Debug|x64
		Debug|x86 = Debug|x86
		Release|x64 = Release|x64
		Release|x86 = Release|x86
	EndGlobalSection
	GlobalSection(ProjectConfigurationPlatforms) = postSolution
		{B604DE11-E7D4-474E-AD53-9289486319AB}.Debug|x64.ActiveCfg = Debug|x64
		{B604DE11-E7D4-474E-AD53-9289486319AB}.Debug|x64.Build.0 = Debug|x64
		{B604DE11-E7D4-474E-AD53-9289486319AB}.Debug|x86.ActiveCfg = Debug|Win32
		{B604DE11-E7D4-474E-AD53-9289486319AB}.Debug|x86.Build.0 = Debug|Win32
		{B604DE11-E7D4-474E-AD53-9289486319AB}.Release|x64.ActiveCfg = Release|x64
		{B604DE11-E7D4-474E-AD53-9289486319AB}.Release|x64.Build.0 = Release|x64
		{B604DE11-E7D4-474E-AD53-9289486319AB}.Release|x86.ActiveCfg = Release|Win32
		{B604DE11-E7D4-474E-AD53-9289486319AB}.Release|x86.Build.0 = Release|Win32
	EndGlobalSection
	GlobalSection(SolutionProperties) = preSolution
		HideSolutionNode = FALSE
	EndGlobalSection
	GlobalSection(ExtensibilityGlobals) = postSolution
		SolutionGuid = {BDDD5ACF-2697-401E-A903-69F915DC0A5A}
	EndGlobalSection
EndGlobal
