
Microsoft Visual Studio Solution File, Format Version 12.00
# Visual Studio Version 17
VisualStudioVersion = 17.10.35027.167
MinimumVisualStudioVersion = 10.0.40219.1
Project("{8BC9CEB8-8B4A-11D0-8D11-00A0C91BC942}") = "2024.7.211", "2024.7.211\2024.7.211.vcxproj", "{EF72AA54-A11F-42D3-A610-206DCE9B592E}"
EndProject
Global
	GlobalSection(SolutionConfigurationPlatforms) = preSolution
		Debug|x64 = Debug|x64
		Debug|x86 = Debug|x86
		Release|x64 = Release|x64
		Release|x86 = Release|x86
	EndGlobalSection
	GlobalSection(ProjectConfigurationPlatforms) = postSolution
		{EF72AA54-A11F-42D3-A610-206DCE9B592E}.Debug|x64.ActiveCfg = Debug|x64
		{EF72AA54-A11F-42D3-A610-206DCE9B592E}.Debug|x64.Build.0 = Debug|x64
		{EF72AA54-A11F-42D3-A610-206DCE9B592E}.Debug|x86.ActiveCfg = Debug|Win32
		{EF72AA54-A11F-42D3-A610-206DCE9B592E}.Debug|x86.Build.0 = Debug|Win32
		{EF72AA54-A11F-42D3-A610-206DCE9B592E}.Release|x64.ActiveCfg = Release|x64
		{EF72AA54-A11F-42D3-A610-206DCE9B592E}.Release|x64.Build.0 = Release|x64
		{EF72AA54-A11F-42D3-A610-206DCE9B592E}.Release|x86.ActiveCfg = Release|Win32
		{EF72AA54-A11F-42D3-A610-206DCE9B592E}.Release|x86.Build.0 = Release|Win32
	EndGlobalSection
	GlobalSection(SolutionProperties) = preSolution
		HideSolutionNode = FALSE
	EndGlobalSection
	GlobalSection(ExtensibilityGlobals) = postSolution
		SolutionGuid = {4D57EBFE-FC93-43D5-96DA-69245E55A46A}
	EndGlobalSection
EndGlobal
