
Microsoft Visual Studio Solution File, Format Version 12.00
# Visual Studio Version 17
VisualStudioVersion = 17.10.35027.167
MinimumVisualStudioVersion = 10.0.40219.1
Project("{8BC9CEB8-8B4A-11D0-8D11-00A0C91BC942}") = "2024.9.3", "2024.9.3\2024.9.3.vcxproj", "{11C44467-895C-41FD-A12A-9A4747A6DB29}"
EndProject
Global
	GlobalSection(SolutionConfigurationPlatforms) = preSolution
		Debug|x64 = Debug|x64
		Debug|x86 = Debug|x86
		Release|x64 = Release|x64
		Release|x86 = Release|x86
	EndGlobalSection
	GlobalSection(ProjectConfigurationPlatforms) = postSolution
		{11C44467-895C-41FD-A12A-9A4747A6DB29}.Debug|x64.ActiveCfg = Debug|x64
		{11C44467-895C-41FD-A12A-9A4747A6DB29}.Debug|x64.Build.0 = Debug|x64
		{11C44467-895C-41FD-A12A-9A4747A6DB29}.Debug|x86.ActiveCfg = Debug|Win32
		{11C44467-895C-41FD-A12A-9A4747A6DB29}.Debug|x86.Build.0 = Debug|Win32
		{11C44467-895C-41FD-A12A-9A4747A6DB29}.Release|x64.ActiveCfg = Release|x64
		{11C44467-895C-41FD-A12A-9A4747A6DB29}.Release|x64.Build.0 = Release|x64
		{11C44467-895C-41FD-A12A-9A4747A6DB29}.Release|x86.ActiveCfg = Release|Win32
		{11C44467-895C-41FD-A12A-9A4747A6DB29}.Release|x86.Build.0 = Release|Win32
	EndGlobalSection
	GlobalSection(SolutionProperties) = preSolution
		HideSolutionNode = FALSE
	EndGlobalSection
	GlobalSection(ExtensibilityGlobals) = postSolution
		SolutionGuid = {470921C2-E0BA-49E2-8215-44F1188471DA}
	EndGlobalSection
EndGlobal
