
Microsoft Visual Studio Solution File, Format Version 12.00
# Visual Studio Version 17
VisualStudioVersion = 17.10.35027.167
MinimumVisualStudioVersion = 10.0.40219.1
Project("{8BC9CEB8-8B4A-11D0-8D11-00A0C91BC942}") = "2024.8.5", "2024.8.5\2024.8.5.vcxproj", "{A6A62DA9-B464-448F-87DE-1E7F5ED59F19}"
EndProject
Global
	GlobalSection(SolutionConfigurationPlatforms) = preSolution
		Debug|x64 = Debug|x64
		Debug|x86 = Debug|x86
		Release|x64 = Release|x64
		Release|x86 = Release|x86
	EndGlobalSection
	GlobalSection(ProjectConfigurationPlatforms) = postSolution
		{A6A62DA9-B464-448F-87DE-1E7F5ED59F19}.Debug|x64.ActiveCfg = Debug|x64
		{A6A62DA9-B464-448F-87DE-1E7F5ED59F19}.Debug|x64.Build.0 = Debug|x64
		{A6A62DA9-B464-448F-87DE-1E7F5ED59F19}.Debug|x86.ActiveCfg = Debug|Win32
		{A6A62DA9-B464-448F-87DE-1E7F5ED59F19}.Debug|x86.Build.0 = Debug|Win32
		{A6A62DA9-B464-448F-87DE-1E7F5ED59F19}.Release|x64.ActiveCfg = Release|x64
		{A6A62DA9-B464-448F-87DE-1E7F5ED59F19}.Release|x64.Build.0 = Release|x64
		{A6A62DA9-B464-448F-87DE-1E7F5ED59F19}.Release|x86.ActiveCfg = Release|Win32
		{A6A62DA9-B464-448F-87DE-1E7F5ED59F19}.Release|x86.Build.0 = Release|Win32
	EndGlobalSection
	GlobalSection(SolutionProperties) = preSolution
		HideSolutionNode = FALSE
	EndGlobalSection
	GlobalSection(ExtensibilityGlobals) = postSolution
		SolutionGuid = {780A65A1-AA21-44F9-B088-20DD68032BBE}
	EndGlobalSection
EndGlobal
